
Microsoft Visual Studio Solution File, Format Version 12.00
# Visual Studio Version 17
VisualStudioVersion = 17.11.35222.181
MinimumVisualStudioVersion = 10.0.40219.1
Project("{FAE04EC0-301F-11D3-BF4B-00C04F79EFBC}") = "DobbleServicio", "DobbleServicio\DobbleServicio.csproj", "{B83F188E-2258-47D0-8DEF-538BD663DAA3}"
EndProject
Project("{FAE04EC0-301F-11D3-BF4B-00C04F79EFBC}") = "Host", "Host\Host.csproj", "{6EF8A3AA-DC18-47AA-AC46-D79C0E8C9FF5}"
EndProject
Project("{FAE04EC0-301F-11D3-BF4B-00C04F79EFBC}") = "DataAccess", "DataAccess\DataAccess.csproj", "{7EBA2D57-3C0D-4D6E-BB3E-63250FF264FB}"
EndProject
Global
	GlobalSection(SolutionConfigurationPlatforms) = preSolution
		Debug|Any CPU = Debug|Any CPU
		Release|Any CPU = Release|Any CPU
	EndGlobalSection
	GlobalSection(ProjectConfigurationPlatforms) = postSolution
		{B83F188E-2258-47D0-8DEF-538BD663DAA3}.Debug|Any CPU.ActiveCfg = Debug|Any CPU
		{B83F188E-2258-47D0-8DEF-538BD663DAA3}.Debug|Any CPU.Build.0 = Debug|Any CPU
		{B83F188E-2258-47D0-8DEF-538BD663DAA3}.Release|Any CPU.ActiveCfg = Release|Any CPU
		{B83F188E-2258-47D0-8DEF-538BD663DAA3}.Release|Any CPU.Build.0 = Release|Any CPU
		{6EF8A3AA-DC18-47AA-AC46-D79C0E8C9FF5}.Debug|Any CPU.ActiveCfg = Debug|Any CPU
		{6EF8A3AA-DC18-47AA-AC46-D79C0E8C9FF5}.Debug|Any CPU.Build.0 = Debug|Any CPU
		{6EF8A3AA-DC18-47AA-AC46-D79C0E8C9FF5}.Release|Any CPU.ActiveCfg = Release|Any CPU
		{6EF8A3AA-DC18-47AA-AC46-D79C0E8C9FF5}.Release|Any CPU.Build.0 = Release|Any CPU
		{7EBA2D57-3C0D-4D6E-BB3E-63250FF264FB}.Debug|Any CPU.ActiveCfg = Debug|Any CPU
		{7EBA2D57-3C0D-4D6E-BB3E-63250FF264FB}.Debug|Any CPU.Build.0 = Debug|Any CPU
		{7EBA2D57-3C0D-4D6E-BB3E-63250FF264FB}.Release|Any CPU.ActiveCfg = Release|Any CPU
		{7EBA2D57-3C0D-4D6E-BB3E-63250FF264FB}.Release|Any CPU.Build.0 = Release|Any CPU
	EndGlobalSection
	GlobalSection(SolutionProperties) = preSolution
		HideSolutionNode = FALSE
	EndGlobalSection
	GlobalSection(ExtensibilityGlobals) = postSolution
		SolutionGuid = {6531721A-420A-4159-B1E9-34856C3D5CDB}
	EndGlobalSection
EndGlobal
